
Microsoft Visual Studio Solution File, Format Version 12.00
# Visual Studio 15
VisualStudioVersion = 15.0.28010.2016
MinimumVisualStudioVersion = 10.0.40219.1
Project("{FAE04EC0-301F-11D3-BF4B-00C04F79EFBC}") = "Cwiczenia3", "Cwiczenia3\Cwiczenia3.csproj", "{FDC12A5F-CAF9-4DE4-B803-0E50664DF4FB}"
EndProject
Global
	GlobalSection(SolutionConfigurationPlatforms) = preSolution
		Debug|Any CPU = Debug|Any CPU
		Release|Any CPU = Release|Any CPU
	EndGlobalSection
	GlobalSection(ProjectConfigurationPlatforms) = postSolution
		{FDC12A5F-CAF9-4DE4-B803-0E50664DF4FB}.Debug|Any CPU.ActiveCfg = Debug|Any CPU
		{FDC12A5F-CAF9-4DE4-B803-0E50664DF4FB}.Debug|Any CPU.Build.0 = Debug|Any CPU
		{FDC12A5F-CAF9-4DE4-B803-0E50664DF4FB}.Release|Any CPU.ActiveCfg = Release|Any CPU
		{FDC12A5F-CAF9-4DE4-B803-0E50664DF4FB}.Release|Any CPU.Build.0 = Release|Any CPU
	EndGlobalSection
	GlobalSection(SolutionProperties) = preSolution
		HideSolutionNode = FALSE
	EndGlobalSection
	GlobalSection(ExtensibilityGlobals) = postSolution
		SolutionGuid = {3B726EAB-370F-4BF9-9F7C-9B566B9BC766}
	EndGlobalSection
EndGlobal
