
Microsoft Visual Studio Solution File, Format Version 12.00
# Visual Studio 15
VisualStudioVersion = 15.0.27428.2005
MinimumVisualStudioVersion = 10.0.40219.1
Project("{FAE04EC0-301F-11D3-BF4B-00C04F79EFBC}") = "APBD5", "APBD5\APBD5.csproj", "{D603C8D4-5D45-42C2-9CCB-EAD809A4DCB8}"
EndProject
Global
	GlobalSection(SolutionConfigurationPlatforms) = preSolution
		Debug|Any CPU = Debug|Any CPU
		Release|Any CPU = Release|Any CPU
	EndGlobalSection
	GlobalSection(ProjectConfigurationPlatforms) = postSolution
		{D603C8D4-5D45-42C2-9CCB-EAD809A4DCB8}.Debug|Any CPU.ActiveCfg = Debug|Any CPU
		{D603C8D4-5D45-42C2-9CCB-EAD809A4DCB8}.Debug|Any CPU.Build.0 = Debug|Any CPU
		{D603C8D4-5D45-42C2-9CCB-EAD809A4DCB8}.Release|Any CPU.ActiveCfg = Release|Any CPU
		{D603C8D4-5D45-42C2-9CCB-EAD809A4DCB8}.Release|Any CPU.Build.0 = Release|Any CPU
	EndGlobalSection
	GlobalSection(SolutionProperties) = preSolution
		HideSolutionNode = FALSE
	EndGlobalSection
	GlobalSection(ExtensibilityGlobals) = postSolution
		SolutionGuid = {8A0A4172-6ABB-4EA8-B7FF-EBFA2642CC78}
	EndGlobalSection
EndGlobal
